
Microsoft Visual Studio Solution File, Format Version 12.00
# Visual Studio Version 17
VisualStudioVersion = 17.0.32014.148
MinimumVisualStudioVersion = 10.0.40219.1
Project("{FAE04EC0-301F-11D3-BF4B-00C04F79EFBC}") = "Db_Trigger", "Db_Trigger.csproj", "{AA7AB104-21D8-40F7-8289-567741D813CE}"
EndProject
Global
	GlobalSection(SolutionConfigurationPlatforms) = preSolution
		Debug|Any CPU = Debug|Any CPU
		Release|Any CPU = Release|Any CPU
	EndGlobalSection
	GlobalSection(ProjectConfigurationPlatforms) = postSolution
		{AA7AB104-21D8-40F7-8289-567741D813CE}.Debug|Any CPU.ActiveCfg = Debug|Any CPU
		{AA7AB104-21D8-40F7-8289-567741D813CE}.Debug|Any CPU.Build.0 = Debug|Any CPU
		{AA7AB104-21D8-40F7-8289-567741D813CE}.Release|Any CPU.ActiveCfg = Release|Any CPU
		{AA7AB104-21D8-40F7-8289-567741D813CE}.Release|Any CPU.Build.0 = Release|Any CPU
	EndGlobalSection
	GlobalSection(SolutionProperties) = preSolution
		HideSolutionNode = FALSE
	EndGlobalSection
	GlobalSection(ExtensibilityGlobals) = postSolution
		SolutionGuid = {1C317ADD-4115-4DEA-8B21-6EE1DA00C6F2}
	EndGlobalSection
EndGlobal
